
Microsoft Visual Studio Solution File, Format Version 12.00
# Visual Studio 14
VisualStudioVersion = 14.0.24720.0
MinimumVisualStudioVersion = 10.0.40219.1
Project("{8BC9CEB8-8B4A-11D0-8D11-00A0C91BC942}") = "engine", "engine\engine.vcxproj", "{C6807C9C-877F-486C-A7D3-9BA79E4F4E22}"
	ProjectSection(ProjectDependencies) = postProject
		{C6A33A46-780E-448B-B6AF-12018B6660E2} = {C6A33A46-780E-448B-B6AF-12018B6660E2}
		{2BD5534E-00E2-4BEA-AC96-D9A92EA24696} = {2BD5534E-00E2-4BEA-AC96-D9A92EA24696}
		{81CE8DAF-EBB2-4761-8E45-B71ABCCA8C68} = {81CE8DAF-EBB2-4761-8E45-B71ABCCA8C68}
		{DA956FD3-E142-46F2-9DD5-C78BEBB56B7A} = {DA956FD3-E142-46F2-9DD5-C78BEBB56B7A}
	EndProjectSection
EndProject
Project("{8BC9CEB8-8B4A-11D0-8D11-00A0C91BC942}") = "lua", "extern\lua\lua.vcxproj", "{C6A33A46-780E-448B-B6AF-12018B6660E2}"
EndProject
Project("{8BC9CEB8-8B4A-11D0-8D11-00A0C91BC942}") = "SDL2", "extern\SDL2\VisualC\SDL\SDL_VS2015.vcxproj", "{81CE8DAF-EBB2-4761-8E45-B71ABCCA8C68}"
EndProject
Project("{8BC9CEB8-8B4A-11D0-8D11-00A0C91BC942}") = "SDL2main", "extern\SDL2\VisualC\SDLmain\SDLmain_VS2015.vcxproj", "{DA956FD3-E142-46F2-9DD5-C78BEBB56B7A}"
EndProject
Project("{2150E333-8FDC-42A3-9474-1A3956D46DE8}") = "extern", "extern", "{04415F37-FEF2-42D0-A96F-717C679BBFC8}"
EndProject
Project("{8BC9CEB8-8B4A-11D0-8D11-00A0C91BC942}") = "SDL2_image", "extern\SDL2_image\VisualC\SDL_image_VS2012.vcxproj", "{2BD5534E-00E2-4BEA-AC96-D9A92EA24696}"
	ProjectSection(ProjectDependencies) = postProject
		{81CE8DAF-EBB2-4761-8E45-B71ABCCA8C68} = {81CE8DAF-EBB2-4761-8E45-B71ABCCA8C68}
		{DA956FD3-E142-46F2-9DD5-C78BEBB56B7A} = {DA956FD3-E142-46F2-9DD5-C78BEBB56B7A}
	EndProjectSection
EndProject
Global
	GlobalSection(SolutionConfigurationPlatforms) = preSolution
		Debug|x86 = Debug|x86
		Release|x86 = Release|x86
		Shipping|x86 = Shipping|x86
	EndGlobalSection
	GlobalSection(ProjectConfigurationPlatforms) = postSolution
		{C6807C9C-877F-486C-A7D3-9BA79E4F4E22}.Debug|x86.ActiveCfg = Debug|Win32
		{C6807C9C-877F-486C-A7D3-9BA79E4F4E22}.Debug|x86.Build.0 = Debug|Win32
		{C6807C9C-877F-486C-A7D3-9BA79E4F4E22}.Release|x86.ActiveCfg = Release|Win32
		{C6807C9C-877F-486C-A7D3-9BA79E4F4E22}.Release|x86.Build.0 = Release|Win32
		{C6807C9C-877F-486C-A7D3-9BA79E4F4E22}.Shipping|x86.ActiveCfg = Shipping|Win32
		{C6807C9C-877F-486C-A7D3-9BA79E4F4E22}.Shipping|x86.Build.0 = Shipping|Win32
		{C6A33A46-780E-448B-B6AF-12018B6660E2}.Debug|x86.ActiveCfg = Debug|Win32
		{C6A33A46-780E-448B-B6AF-12018B6660E2}.Debug|x86.Build.0 = Debug|Win32
		{C6A33A46-780E-448B-B6AF-12018B6660E2}.Release|x86.ActiveCfg = Release|Win32
		{C6A33A46-780E-448B-B6AF-12018B6660E2}.Release|x86.Build.0 = Release|Win32
		{C6A33A46-780E-448B-B6AF-12018B6660E2}.Shipping|x86.ActiveCfg = Shipping|Win32
		{C6A33A46-780E-448B-B6AF-12018B6660E2}.Shipping|x86.Build.0 = Shipping|Win32
		{81CE8DAF-EBB2-4761-8E45-B71ABCCA8C68}.Debug|x86.ActiveCfg = Debug|Win32
		{81CE8DAF-EBB2-4761-8E45-B71ABCCA8C68}.Debug|x86.Build.0 = Debug|Win32
		{81CE8DAF-EBB2-4761-8E45-B71ABCCA8C68}.Release|x86.ActiveCfg = Release|Win32
		{81CE8DAF-EBB2-4761-8E45-B71ABCCA8C68}.Release|x86.Build.0 = Release|Win32
		{81CE8DAF-EBB2-4761-8E45-B71ABCCA8C68}.Shipping|x86.ActiveCfg = Shipping|Win32
		{81CE8DAF-EBB2-4761-8E45-B71ABCCA8C68}.Shipping|x86.Build.0 = Shipping|Win32
		{DA956FD3-E142-46F2-9DD5-C78BEBB56B7A}.Debug|x86.ActiveCfg = Debug|Win32
		{DA956FD3-E142-46F2-9DD5-C78BEBB56B7A}.Debug|x86.Build.0 = Debug|Win32
		{DA956FD3-E142-46F2-9DD5-C78BEBB56B7A}.Release|x86.ActiveCfg = Release|Win32
		{DA956FD3-E142-46F2-9DD5-C78BEBB56B7A}.Release|x86.Build.0 = Release|Win32
		{DA956FD3-E142-46F2-9DD5-C78BEBB56B7A}.Shipping|x86.ActiveCfg = Shipping|Win32
		{DA956FD3-E142-46F2-9DD5-C78BEBB56B7A}.Shipping|x86.Build.0 = Shipping|Win32
		{2BD5534E-00E2-4BEA-AC96-D9A92EA24696}.Debug|x86.ActiveCfg = Debug|Win32
		{2BD5534E-00E2-4BEA-AC96-D9A92EA24696}.Debug|x86.Build.0 = Debug|Win32
		{2BD5534E-00E2-4BEA-AC96-D9A92EA24696}.Release|x86.ActiveCfg = Release|Win32
		{2BD5534E-00E2-4BEA-AC96-D9A92EA24696}.Release|x86.Build.0 = Release|Win32
		{2BD5534E-00E2-4BEA-AC96-D9A92EA24696}.Shipping|x86.ActiveCfg = Shipping|Win32
		{2BD5534E-00E2-4BEA-AC96-D9A92EA24696}.Shipping|x86.Build.0 = Shipping|Win32
	EndGlobalSection
	GlobalSection(SolutionProperties) = preSolution
		HideSolutionNode = FALSE
	EndGlobalSection
	GlobalSection(NestedProjects) = preSolution
		{C6A33A46-780E-448B-B6AF-12018B6660E2} = {04415F37-FEF2-42D0-A96F-717C679BBFC8}
		{81CE8DAF-EBB2-4761-8E45-B71ABCCA8C68} = {04415F37-FEF2-42D0-A96F-717C679BBFC8}
		{DA956FD3-E142-46F2-9DD5-C78BEBB56B7A} = {04415F37-FEF2-42D0-A96F-717C679BBFC8}
		{2BD5534E-00E2-4BEA-AC96-D9A92EA24696} = {04415F37-FEF2-42D0-A96F-717C679BBFC8}
	EndGlobalSection
EndGlobal
