<?xml version="1.0" encoding="utf-8"?>
<Project ToolsVersion="4.0" xmlns="http://schemas.microsoft.com/developer/msbuild/2003">
  <ItemGroup>
    <ClCompile Include="src\platform\SDL\SDLRenderingSystem.cpp">
      <Filter>src\platform\SDL</Filter>
    </ClCompile>
    <ClCompile Include="src\main.cpp">
      <Filter>src</Filter>
    </ClCompile>
    <ClCompile Include="src\system\Config.cpp">
      <Filter>src\system</Filter>
    </ClCompile>
    <ClCompile Include="src\modes\game\Game.cpp">
      <Filter>src\modes\game</Filter>
    </ClCompile>
    <ClCompile Include="src\platform\SDL\SDLEntryPoint.cpp">
      <Filter>src\platform\SDL</Filter>
    </ClCompile>
    <ClCompile Include="src\platform\SDL\SDLEvents.cpp">
      <Filter>src\platform\SDL</Filter>
    </ClCompile>
    <ClCompile Include="src\platform\SDLAndWindows\Files.cpp">
      <Filter>src\platform\SDLAndWindows</Filter>
    </ClCompile>
    <ClCompile Include="src\system\luaX\LuaX.cpp">
      <Filter>src\system\luaX</Filter>
    </ClCompile>
    <ClCompile Include="src\system\luaclid\Luaclid.cpp">
      <Filter>src\system\luaclid</Filter>
    </ClCompile>
    <ClCompile Include="src\rendering\RenderingSystem.cpp">
      <Filter>src\rendering</Filter>
    </ClCompile>
    <ClCompile Include="src\rendering\Textures.cpp">
      <Filter>src\rendering</Filter>
    </ClCompile>
    <ClCompile Include="src\platform\SDL\SDLTextures.cpp">
      <Filter>src\platform\SDL</Filter>
    </ClCompile>
    <ClCompile Include="src\rendering\RenderingPrimitives.cpp">
      <Filter>src\rendering</Filter>
    </ClCompile>
    <ClCompile Include="src\lib\Maths.cpp">
      <Filter>src\lib</Filter>
    </ClCompile>
    <ClCompile Include="src\world\Map.cpp">
      <Filter>src\world</Filter>
    </ClCompile>
    <ClCompile Include="src\rendering\world\MapRenderer.cpp">
      <Filter>src\rendering\world</Filter>
    </ClCompile>
    <ClCompile Include="src\lib\BasicTypes.cpp">
      <Filter>src\lib</Filter>
    </ClCompile>
    <ClCompile Include="src\modes\editor\Editor.cpp">
      <Filter>src\modes\editor</Filter>
    </ClCompile>
    <ClCompile Include="src\system\luaclid\controls\Controls.cpp">
      <Filter>src\system\luaclid\controls</Filter>
    </ClCompile>
    <ClCompile Include="src\lib\FixedPoint.cpp">
      <Filter>src\lib</Filter>
    </ClCompile>
    <ClCompile Include="src\rendering\world\TopDownMapRenderer.cpp">
      <Filter>src\rendering\world</Filter>
    </ClCompile>
  </ItemGroup>
  <ItemGroup>
    <ClInclude Include="src\platform\SDL\SDLRenderingSystem.h">
      <Filter>src\platform\SDL</Filter>
    </ClInclude>
    <ClInclude Include="src\CommandLine.h">
      <Filter>src</Filter>
    </ClInclude>
    <ClInclude Include="src\system\Config.h">
      <Filter>src\system</Filter>
    </ClInclude>
    <ClInclude Include="src\system\LuaX.h">
      <Filter>src\system</Filter>
    </ClInclude>
    <ClInclude Include="src\system\RunnableMode.h">
      <Filter>src\system</Filter>
    </ClInclude>
    <ClInclude Include="src\lib\PortabilityHelper.h">
      <Filter>src\lib</Filter>
    </ClInclude>
    <ClInclude Include="src\modes\game\Game.h">
      <Filter>src\modes\game</Filter>
    </ClInclude>
    <ClInclude Include="src\world\Map.h">
      <Filter>src\world</Filter>
    </ClInclude>
    <ClInclude Include="src\lib\BasicTypes.h">
      <Filter>src\lib</Filter>
    </ClInclude>
    <ClInclude Include="src\lib\Mesitype.h">
      <Filter>src\lib</Filter>
    </ClInclude>
    <ClInclude Include="src\lib\Matrix.h">
      <Filter>src\lib</Filter>
    </ClInclude>
    <ClInclude Include="src\lib\Maths.h">
      <Filter>src\lib</Filter>
    </ClInclude>
    <ClInclude Include="src\lib\TypeMagic.h">
      <Filter>src\lib</Filter>
    </ClInclude>
    <ClInclude Include="src\system\luaX\luaXClasses.h">
      <Filter>src\system\luaX</Filter>
    </ClInclude>
    <ClInclude Include="src\system\luaX\luaXStack.h">
      <Filter>src\system\luaX</Filter>
    </ClInclude>
    <ClInclude Include="src\system\luaX\LuaXClass.h">
      <Filter>src\system\luaX</Filter>
    </ClInclude>
    <ClInclude Include="src\rendering\RenderList.h">
      <Filter>src\rendering</Filter>
    </ClInclude>
    <ClInclude Include="src\system\luaclid\Luaclid.h">
      <Filter>src\system\luaclid</Filter>
    </ClInclude>
    <ClInclude Include="src\system\Events.h">
      <Filter>src\system</Filter>
    </ClInclude>
    <ClInclude Include="src\system\Files.h">
      <Filter>src\system</Filter>
    </ClInclude>
    <ClInclude Include="src\rendering\RenderingSystem.h">
      <Filter>src\rendering</Filter>
    </ClInclude>
    <ClInclude Include="src\rendering\Textures.h">
      <Filter>src\rendering</Filter>
    </ClInclude>
    <ClInclude Include="src\rendering\RenderingPrimitives.h">
      <Filter>src\rendering</Filter>
    </ClInclude>
    <ClInclude Include="src\lib\gargamel.h">
      <Filter>src\lib</Filter>
    </ClInclude>
    <ClInclude Include="src\modes\editor\Editor.h">
      <Filter>src\modes\editor</Filter>
    </ClInclude>
    <ClInclude Include="src\rendering\world\MapRenderer.h">
      <Filter>src\rendering\world</Filter>
    </ClInclude>
    <ClInclude Include="src\system\luaclid\controls\Controls.h">
      <Filter>src\system\luaclid\controls</Filter>
    </ClInclude>
    <ClInclude Include="src\lib\FixedPoint.h">
      <Filter>src\lib</Filter>
    </ClInclude>
    <ClInclude Include="src\rendering\world\TopDownMapRenderer.h">
      <Filter>src\rendering\world</Filter>
    </ClInclude>
    <ClInclude Include="src\rendering\world\MapRenderingShared.h">
      <Filter>src\rendering\world</Filter>
    </ClInclude>
  </ItemGroup>
  <ItemGroup>
    <Filter Include="src">
      <UniqueIdentifier>{db0cd641-ad8e-4afb-8284-da80405784b6}</UniqueIdentifier>
    </Filter>
    <Filter Include="src\lib">
      <UniqueIdentifier>{fb41a300-209d-4188-aa3e-24dce65be348}</UniqueIdentifier>
    </Filter>
    <Filter Include="src\platform">
      <UniqueIdentifier>{35850f0a-dbfc-46e4-8f1a-d712968e21fa}</UniqueIdentifier>
    </Filter>
    <Filter Include="src\platform\SDL">
      <UniqueIdentifier>{f6e254e9-6571-4374-8cc2-75990a57e764}</UniqueIdentifier>
    </Filter>
    <Filter Include="src\rendering">
      <UniqueIdentifier>{79c7acd1-451e-416d-a91f-87ba5f0e7dee}</UniqueIdentifier>
    </Filter>
    <Filter Include="src\system">
      <UniqueIdentifier>{1b777b4e-85a7-4a88-8a1a-eb8f6c202a15}</UniqueIdentifier>
    </Filter>
    <Filter Include="src\modes">
      <UniqueIdentifier>{2a2cdf62-aaff-4e70-9023-26c3ace05f23}</UniqueIdentifier>
    </Filter>
    <Filter Include="src\modes\game">
      <UniqueIdentifier>{d1a4b51c-c1e7-4d21-83fc-ea321425738f}</UniqueIdentifier>
    </Filter>
    <Filter Include="src\modes\editor">
      <UniqueIdentifier>{ae21019a-750c-44cf-959b-e5b6a5a73b88}</UniqueIdentifier>
    </Filter>
    <Filter Include="src\world">
      <UniqueIdentifier>{21632622-b121-43b7-85df-02b275e08b32}</UniqueIdentifier>
    </Filter>
    <Filter Include="src\system\luaX">
      <UniqueIdentifier>{10fb4fae-28a4-4e48-8521-4e4449f3b8e5}</UniqueIdentifier>
    </Filter>
    <Filter Include="src\platform\SDLAndWindows">
      <UniqueIdentifier>{b5a32aad-9d9e-488d-abad-3f5e196fe6b8}</UniqueIdentifier>
    </Filter>
    <Filter Include="src\system\luaclid">
      <UniqueIdentifier>{ec352a07-5e37-4937-99b1-aacd167291c5}</UniqueIdentifier>
    </Filter>
    <Filter Include="src\rendering\world">
      <UniqueIdentifier>{48fb5859-24d5-45e8-b6fe-3046f813be72}</UniqueIdentifier>
    </Filter>
    <Filter Include="src\system\luaclid\controls">
      <UniqueIdentifier>{cc7c8338-6fad-4271-83ef-1421a0d9e5c9}</UniqueIdentifier>
    </Filter>
  </ItemGroup>
</Project>